
Microsoft Visual Studio Solution File, Format Version 12.00
# Visual Studio Version 17
VisualStudioVersion = 17.2.32616.157
MinimumVisualStudioVersion = 10.0.40219.1
Project("{9A19103F-16F7-4668-BE54-9A1E7A4F7556}") = "AttendanceGenerator", "AttendanceGenerator\AttendanceGenerator.csproj", "{ED39EEC7-D6BE-4325-A28D-50B8CD2C6313}"
EndProject
Project("{9A19103F-16F7-4668-BE54-9A1E7A4F7556}") = "SQLiteRepository", "SQLiteRepository\SQLiteRepository.csproj", "{33B39E78-9E6E-4557-B902-C6A27E6DE773}"
EndProject
Project("{9A19103F-16F7-4668-BE54-9A1E7A4F7556}") = "Core", "Core\Core.csproj", "{2108BA1F-D083-4D3E-AD22-B9AB77B447F8}"
EndProject
Project("{9A19103F-16F7-4668-BE54-9A1E7A4F7556}") = "Services", "Services\Services.csproj", "{799E2F8D-A9AE-4902-B808-0718B1D49E00}"
EndProject
Project("{9A19103F-16F7-4668-BE54-9A1E7A4F7556}") = "AG", "AG\AG.csproj", "{535DCE36-0799-4591-A331-2560CE1EEC43}"
EndProject
Project("{FAE04EC0-301F-11D3-BF4B-00C04F79EFBC}") = "AG.ASP.NET", "AG.ASP.NET\AG.ASP.NET.csproj", "{DFAC4A05-8474-447A-8E73-46A35E7E9AFB}"
EndProject
Global
	GlobalSection(SolutionConfigurationPlatforms) = preSolution
		Debug|Any CPU = Debug|Any CPU
		Release|Any CPU = Release|Any CPU
	EndGlobalSection
	GlobalSection(ProjectConfigurationPlatforms) = postSolution
		{ED39EEC7-D6BE-4325-A28D-50B8CD2C6313}.Debug|Any CPU.ActiveCfg = Debug|Any CPU
		{ED39EEC7-D6BE-4325-A28D-50B8CD2C6313}.Debug|Any CPU.Build.0 = Debug|Any CPU
		{ED39EEC7-D6BE-4325-A28D-50B8CD2C6313}.Release|Any CPU.ActiveCfg = Release|Any CPU
		{ED39EEC7-D6BE-4325-A28D-50B8CD2C6313}.Release|Any CPU.Build.0 = Release|Any CPU
		{33B39E78-9E6E-4557-B902-C6A27E6DE773}.Debug|Any CPU.ActiveCfg = Debug|Any CPU
		{33B39E78-9E6E-4557-B902-C6A27E6DE773}.Debug|Any CPU.Build.0 = Debug|Any CPU
		{33B39E78-9E6E-4557-B902-C6A27E6DE773}.Release|Any CPU.ActiveCfg = Release|Any CPU
		{33B39E78-9E6E-4557-B902-C6A27E6DE773}.Release|Any CPU.Build.0 = Release|Any CPU
		{2108BA1F-D083-4D3E-AD22-B9AB77B447F8}.Debug|Any CPU.ActiveCfg = Debug|Any CPU
		{2108BA1F-D083-4D3E-AD22-B9AB77B447F8}.Debug|Any CPU.Build.0 = Debug|Any CPU
		{2108BA1F-D083-4D3E-AD22-B9AB77B447F8}.Release|Any CPU.ActiveCfg = Release|Any CPU
		{2108BA1F-D083-4D3E-AD22-B9AB77B447F8}.Release|Any CPU.Build.0 = Release|Any CPU
		{799E2F8D-A9AE-4902-B808-0718B1D49E00}.Debug|Any CPU.ActiveCfg = Debug|Any CPU
		{799E2F8D-A9AE-4902-B808-0718B1D49E00}.Debug|Any CPU.Build.0 = Debug|Any CPU
		{799E2F8D-A9AE-4902-B808-0718B1D49E00}.Release|Any CPU.ActiveCfg = Release|Any CPU
		{799E2F8D-A9AE-4902-B808-0718B1D49E00}.Release|Any CPU.Build.0 = Release|Any CPU
		{535DCE36-0799-4591-A331-2560CE1EEC43}.Debug|Any CPU.ActiveCfg = Debug|Any CPU
		{535DCE36-0799-4591-A331-2560CE1EEC43}.Debug|Any CPU.Build.0 = Debug|Any CPU
		{535DCE36-0799-4591-A331-2560CE1EEC43}.Release|Any CPU.ActiveCfg = Release|Any CPU
		{535DCE36-0799-4591-A331-2560CE1EEC43}.Release|Any CPU.Build.0 = Release|Any CPU
		{DFAC4A05-8474-447A-8E73-46A35E7E9AFB}.Debug|Any CPU.ActiveCfg = Debug|Any CPU
		{DFAC4A05-8474-447A-8E73-46A35E7E9AFB}.Debug|Any CPU.Build.0 = Debug|Any CPU
		{DFAC4A05-8474-447A-8E73-46A35E7E9AFB}.Release|Any CPU.ActiveCfg = Release|Any CPU
		{DFAC4A05-8474-447A-8E73-46A35E7E9AFB}.Release|Any CPU.Build.0 = Release|Any CPU
	EndGlobalSection
	GlobalSection(SolutionProperties) = preSolution
		HideSolutionNode = FALSE
	EndGlobalSection
	GlobalSection(ExtensibilityGlobals) = postSolution
		SolutionGuid = {A6480D89-9A0F-4615-B02F-2AB4236A117B}
	EndGlobalSection
EndGlobal
